
Microsoft Visual Studio Solution File, Format Version 12.00
# Visual Studio Version 16
VisualStudioVersion = 16.0.29905.134
MinimumVisualStudioVersion = 10.0.40219.1
Project("{FAE04EC0-301F-11D3-BF4B-00C04F79EFBC}") = "CreatureWorld", "CreatureWorld.csproj", "{C7966161-64D4-4C5C-8705-6F2432AD5E3D}"
EndProject
Global
	GlobalSection(SolutionConfigurationPlatforms) = preSolution
		Debug|Any CPU = Debug|Any CPU
		Release|Any CPU = Release|Any CPU
	EndGlobalSection
	GlobalSection(ProjectConfigurationPlatforms) = postSolution
		{C7966161-64D4-4C5C-8705-6F2432AD5E3D}.Debug|Any CPU.ActiveCfg = Debug|Any CPU
		{C7966161-64D4-4C5C-8705-6F2432AD5E3D}.Debug|Any CPU.Build.0 = Debug|Any CPU
		{C7966161-64D4-4C5C-8705-6F2432AD5E3D}.Release|Any CPU.ActiveCfg = Release|Any CPU
		{C7966161-64D4-4C5C-8705-6F2432AD5E3D}.Release|Any CPU.Build.0 = Release|Any CPU
	EndGlobalSection
	GlobalSection(SolutionProperties) = preSolution
		HideSolutionNode = FALSE
	EndGlobalSection
	GlobalSection(ExtensibilityGlobals) = postSolution
		SolutionGuid = {045DFC7A-FF2B-490A-BBC4-4E505E83CC26}
	EndGlobalSection
EndGlobal
